{
  "name": "npm-registry-firewall",
  "version": "1.16.0",
  "lockfileVersion": 2,
  "requires": true,
  "packages": {
    "": {
      "name": "npm-registry-firewall",
      "version": "1.16.0",
      "license": "MIT",
      "bin": {
        "npm-registry-firewall": "src/main/js/cli.js"
      },
      "engines": {
        "node": ">= 14"
      }
    }
  }
}
